
Microsoft Visual Studio Solution File, Format Version 12.00
# Visual Studio Version 17
VisualStudioVersion = 17.10.35122.118
MinimumVisualStudioVersion = 10.0.40219.1
Project("{9A19103F-16F7-4668-BE54-9A1E7A4F7556}") = "hideoutcat", "hideoutcat\hideoutcat.csproj", "{61652663-FD64-4440-ABD6-C09EAC3EE8FE}"
EndProject
Project("{9A19103F-16F7-4668-BE54-9A1E7A4F7556}") = "hideoutcat.bepinex", "hideoutcat.bepinex\hideoutcat.bepinex.csproj", "{9AC29371-B508-4EBB-8B99-98E3A63192B4}"
EndProject
Global
	GlobalSection(SolutionConfigurationPlatforms) = preSolution
		Debug|Any CPU = Debug|Any CPU
		Release|Any CPU = Release|Any CPU
	EndGlobalSection
	GlobalSection(ProjectConfigurationPlatforms) = postSolution
		{61652663-FD64-4440-ABD6-C09EAC3EE8FE}.Debug|Any CPU.ActiveCfg = Debug|Any CPU
		{61652663-FD64-4440-ABD6-C09EAC3EE8FE}.Debug|Any CPU.Build.0 = Debug|Any CPU
		{61652663-FD64-4440-ABD6-C09EAC3EE8FE}.Release|Any CPU.ActiveCfg = Release|Any CPU
		{61652663-FD64-4440-ABD6-C09EAC3EE8FE}.Release|Any CPU.Build.0 = Release|Any CPU
		{9AC29371-B508-4EBB-8B99-98E3A63192B4}.Debug|Any CPU.ActiveCfg = Debug|Any CPU
		{9AC29371-B508-4EBB-8B99-98E3A63192B4}.Debug|Any CPU.Build.0 = Debug|Any CPU
		{9AC29371-B508-4EBB-8B99-98E3A63192B4}.Release|Any CPU.ActiveCfg = Release|Any CPU
		{9AC29371-B508-4EBB-8B99-98E3A63192B4}.Release|Any CPU.Build.0 = Release|Any CPU
	EndGlobalSection
	GlobalSection(SolutionProperties) = preSolution
		HideSolutionNode = FALSE
	EndGlobalSection
	GlobalSection(ExtensibilityGlobals) = postSolution
		SolutionGuid = {95B16AF4-CA05-49B4-AE9E-DD2990DB35EF}
	EndGlobalSection
EndGlobal
